
Microsoft Visual Studio Solution File, Format Version 12.00
# Visual Studio Version 17
VisualStudioVersion = 17.11.35222.181
MinimumVisualStudioVersion = 10.0.40219.1
Project("{9A19103F-16F7-4668-BE54-9A1E7A4F7556}") = "ProceduralLandscapeGeneration", "ProceduralLandscapeGeneration.csproj", "{F423F55B-DD7C-4EA1-AB9E-027B2D8E943E}"
EndProject
Project("{FAE04EC0-301F-11D3-BF4B-00C04F79EFBC}") = "Raylib-cs", "..\raylib-cs\Raylib-cs\Raylib-cs.csproj", "{4853E7AD-95FD-45E6-99ED-3DB2C6E0C167}"
EndProject
Global
	GlobalSection(SolutionConfigurationPlatforms) = preSolution
		Debug|Any CPU = Debug|Any CPU
		Debug|x64 = Debug|x64
		Debug|x86 = Debug|x86
		Release|Any CPU = Release|Any CPU
		Release|x64 = Release|x64
		Release|x86 = Release|x86
	EndGlobalSection
	GlobalSection(ProjectConfigurationPlatforms) = postSolution
		{F423F55B-DD7C-4EA1-AB9E-027B2D8E943E}.Debug|Any CPU.ActiveCfg = Debug|Any CPU
		{F423F55B-DD7C-4EA1-AB9E-027B2D8E943E}.Debug|Any CPU.Build.0 = Debug|Any CPU
		{F423F55B-DD7C-4EA1-AB9E-027B2D8E943E}.Debug|x64.ActiveCfg = Debug|x64
		{F423F55B-DD7C-4EA1-AB9E-027B2D8E943E}.Debug|x64.Build.0 = Debug|x64
		{F423F55B-DD7C-4EA1-AB9E-027B2D8E943E}.Debug|x86.ActiveCfg = Debug|x86
		{F423F55B-DD7C-4EA1-AB9E-027B2D8E943E}.Debug|x86.Build.0 = Debug|x86
		{F423F55B-DD7C-4EA1-AB9E-027B2D8E943E}.Release|Any CPU.ActiveCfg = Release|Any CPU
		{F423F55B-DD7C-4EA1-AB9E-027B2D8E943E}.Release|Any CPU.Build.0 = Release|Any CPU
		{F423F55B-DD7C-4EA1-AB9E-027B2D8E943E}.Release|x64.ActiveCfg = Release|x64
		{F423F55B-DD7C-4EA1-AB9E-027B2D8E943E}.Release|x64.Build.0 = Release|x64
		{F423F55B-DD7C-4EA1-AB9E-027B2D8E943E}.Release|x86.ActiveCfg = Release|x86
		{F423F55B-DD7C-4EA1-AB9E-027B2D8E943E}.Release|x86.Build.0 = Release|x86
		{4853E7AD-95FD-45E6-99ED-3DB2C6E0C167}.Debug|Any CPU.ActiveCfg = Debug|Any CPU
		{4853E7AD-95FD-45E6-99ED-3DB2C6E0C167}.Debug|Any CPU.Build.0 = Debug|Any CPU
		{4853E7AD-95FD-45E6-99ED-3DB2C6E0C167}.Debug|x64.ActiveCfg = Debug|Any CPU
		{4853E7AD-95FD-45E6-99ED-3DB2C6E0C167}.Debug|x64.Build.0 = Debug|Any CPU
		{4853E7AD-95FD-45E6-99ED-3DB2C6E0C167}.Debug|x86.ActiveCfg = Debug|Any CPU
		{4853E7AD-95FD-45E6-99ED-3DB2C6E0C167}.Debug|x86.Build.0 = Debug|Any CPU
		{4853E7AD-95FD-45E6-99ED-3DB2C6E0C167}.Release|Any CPU.ActiveCfg = Release|Any CPU
		{4853E7AD-95FD-45E6-99ED-3DB2C6E0C167}.Release|Any CPU.Build.0 = Release|Any CPU
		{4853E7AD-95FD-45E6-99ED-3DB2C6E0C167}.Release|x64.ActiveCfg = Release|Any CPU
		{4853E7AD-95FD-45E6-99ED-3DB2C6E0C167}.Release|x64.Build.0 = Release|Any CPU
		{4853E7AD-95FD-45E6-99ED-3DB2C6E0C167}.Release|x86.ActiveCfg = Release|Any CPU
		{4853E7AD-95FD-45E6-99ED-3DB2C6E0C167}.Release|x86.Build.0 = Release|Any CPU
	EndGlobalSection
	GlobalSection(SolutionProperties) = preSolution
		HideSolutionNode = FALSE
	EndGlobalSection
	GlobalSection(ExtensibilityGlobals) = postSolution
		SolutionGuid = {5E4C07C4-966C-45C8-8050-5828B90C9C3E}
	EndGlobalSection
EndGlobal
